
Microsoft Visual Studio Solution File, Format Version 12.00
# Visual Studio Version 17
VisualStudioVersion = 17.11.35312.102
MinimumVisualStudioVersion = 10.0.40219.1
Project("{2150E333-8FDC-42A3-9474-1A3956D46DE8}") = "01. Clients", "01. Clients", "{29834EC7-9919-402D-9206-6EFE1C15E2F7}"
EndProject
Project("{2150E333-8FDC-42A3-9474-1A3956D46DE8}") = "02. Api.Gateway", "02. Api.Gateway", "{8279A2E9-5534-425F-BC85-D49A6D431F07}"
EndProject
Project("{2150E333-8FDC-42A3-9474-1A3956D46DE8}") = "03. Services", "03. Services", "{1DDF4A28-F78D-462C-87FD-57BB70E5F71B}"
EndProject
Project("{2150E333-8FDC-42A3-9474-1A3956D46DE8}") = "01. ProductCatalog", "01. ProductCatalog", "{999273C4-9472-4E34-A220-F1EF76D7DA2E}"
EndProject
Project("{2150E333-8FDC-42A3-9474-1A3956D46DE8}") = "02. OrderManagement", "02. OrderManagement", "{F9790154-A1DD-4512-8B82-475C8920436F}"
EndProject
Project("{2150E333-8FDC-42A3-9474-1A3956D46DE8}") = "03. Identity", "03. Identity", "{15B673EC-3EAF-4C69-8848-7EA1AC91F5E3}"
EndProject
Project("{2150E333-8FDC-42A3-9474-1A3956D46DE8}") = "01. Api", "01. Api", "{C110D51E-DE34-4E6D-9F83-DC698E917501}"
EndProject
Project("{2150E333-8FDC-42A3-9474-1A3956D46DE8}") = "02. Services", "02. Services", "{588D8E61-9C8C-46AA-BCF5-DDE047223943}"
EndProject
Project("{2150E333-8FDC-42A3-9474-1A3956D46DE8}") = "03. Persistence", "03. Persistence", "{8A89C9F3-16AD-4E03-95BE-9333B9C0ABDF}"
EndProject
Project("{2150E333-8FDC-42A3-9474-1A3956D46DE8}") = "04. Models", "04. Models", "{3882E354-3864-41E4-80DF-9CCC47F09227}"
EndProject
Project("{9A19103F-16F7-4668-BE54-9A1E7A4F7556}") = "Catalog.Persistence.Database", "src\Services\ProductCatalog\Catalog.Persistence.Database\Catalog.Persistence.Database.csproj", "{D77AB81C-91BF-45C0-AC89-46A033102353}"
EndProject
Project("{9A19103F-16F7-4668-BE54-9A1E7A4F7556}") = "Catalog.Domain", "src\Services\ProductCatalog\Catalog.Domain\Catalog.Domain.csproj", "{B918DAA0-BC33-4470-B39E-7F1D04E362FE}"
EndProject
Project("{9A19103F-16F7-4668-BE54-9A1E7A4F7556}") = "Catalog.Persistence.Repository", "src\Services\ProductCatalog\Catalog.Persistence.Repository\Catalog.Persistence.Repository.csproj", "{ABA128AA-D73D-4C4D-A3AF-92A5129F21E1}"
EndProject
Project("{9A19103F-16F7-4668-BE54-9A1E7A4F7556}") = "Catalog.Services.Products", "src\Services\ProductCatalog\Catalog.Services.Product\Catalog.Services.Products.csproj", "{6F3DC7E3-8CED-490A-9750-EF4C1D6DD14C}"
EndProject
Project("{2150E333-8FDC-42A3-9474-1A3956D46DE8}") = "05. Testing", "05. Testing", "{75B7390B-CC18-4798-A1FB-53743BD25208}"
EndProject
Project("{9A19103F-16F7-4668-BE54-9A1E7A4F7556}") = "Catalog.Test", "src\Services\ProductCatalog\Catalog.Test\Catalog.Test.csproj", "{8C35A2E8-C952-4D13-A852-5666BDFDA2A1}"
EndProject
Project("{9A19103F-16F7-4668-BE54-9A1E7A4F7556}") = "Order.Api", "src\Services\OrderManagement\Order.Api\Order.Api.csproj", "{E5599442-30B8-4365-8233-C200306142E9}"
EndProject
Project("{9A19103F-16F7-4668-BE54-9A1E7A4F7556}") = "Catalog.Api", "src\Services\ProductCatalog\Catalog.Api\Catalog.Api.csproj", "{32FB3862-09DF-4C57-AA5D-F501C277EE65}"
EndProject
Project("{2150E333-8FDC-42A3-9474-1A3956D46DE8}") = "01. Api", "01. Api", "{6DFA2BEC-956F-4252-802C-F70B60A06100}"
EndProject
Project("{2150E333-8FDC-42A3-9474-1A3956D46DE8}") = "03. Persistence", "03. Persistence", "{0432AF0D-1B3F-419A-AE5C-3515929439F7}"
EndProject
Project("{2150E333-8FDC-42A3-9474-1A3956D46DE8}") = "04. Models", "04. Models", "{667F2B78-2508-4091-B1B4-309E03AA3964}"
EndProject
Project("{9A19103F-16F7-4668-BE54-9A1E7A4F7556}") = "Order.Persistence.Database", "src\Services\OrderManagement\Order.Persistence.Database\Order.Persistence.Database.csproj", "{76C41E18-EDF1-461F-BB62-20F88D5C8493}"
EndProject
Project("{9A19103F-16F7-4668-BE54-9A1E7A4F7556}") = "Order.Persistence.Repository", "src\Services\OrderManagement\Order.Persistence.Repository\Order.Persistence.Repository.csproj", "{C7330C65-B64F-45E1-8A00-E6BAD8410B20}"
EndProject
Project("{9A19103F-16F7-4668-BE54-9A1E7A4F7556}") = "Order.Domain", "src\Services\OrderManagement\Order.Domain\Order.Domain.csproj", "{F8C4500B-3E2C-4297-A997-BA2C8BCBABB9}"
EndProject
Project("{2150E333-8FDC-42A3-9474-1A3956D46DE8}") = "02. Services", "02. Services", "{96B176F5-C094-4B0B-A910-F5F0FDC0033C}"
EndProject
Project("{9A19103F-16F7-4668-BE54-9A1E7A4F7556}") = "Order.Services.Ordes", "src\Services\OrderManagement\Order.Services.Ordes\Order.Services.Ordes.csproj", "{50BBF7E0-8F1B-4597-9F2A-7EBB077ABD8D}"
EndProject
Project("{2150E333-8FDC-42A3-9474-1A3956D46DE8}") = "05. Testing", "05. Testing", "{FF77EE12-6156-4ED9-BB60-D66AF9F45DF6}"
EndProject
Project("{9A19103F-16F7-4668-BE54-9A1E7A4F7556}") = "Order.Test", "src\Services\OrderManagement\Order.Test\Order.Test.csproj", "{94C56492-57BF-454A-9CFE-9DE745ACC61C}"
EndProject
Project("{9A19103F-16F7-4668-BE54-9A1E7A4F7556}") = "Order.Services.Proxies", "src\Services\OrderManagement\Order.Services.Proxies\Order.Services.Proxies.csproj", "{0FFD70DE-564F-45A7-AE7E-E70AD0A17A4E}"
EndProject
Project("{2150E333-8FDC-42A3-9474-1A3956D46DE8}") = "01 Api", "01 Api", "{DEF1C25C-56EC-46D3-938C-4F0E19768348}"
EndProject
Project("{2150E333-8FDC-42A3-9474-1A3956D46DE8}") = "02. Services", "02. Services", "{360CA8C2-2EBB-4BCC-B59E-291FFA86A36A}"
EndProject
Project("{2150E333-8FDC-42A3-9474-1A3956D46DE8}") = "03. Persistence", "03. Persistence", "{48F29E14-32B6-445C-9C2A-86A1E08240BE}"
EndProject
Project("{2150E333-8FDC-42A3-9474-1A3956D46DE8}") = "04. Models", "04. Models", "{F136397E-B4BC-4924-BF2A-68E733AE6044}"
EndProject
Project("{9A19103F-16F7-4668-BE54-9A1E7A4F7556}") = "Identity.Persistence.Database", "src\Services\Identity\Identity.Pesistence.Database\Identity.Persistence.Database.csproj", "{89BB394D-1A29-4C8D-B2DC-D34E741A9752}"
EndProject
Project("{9A19103F-16F7-4668-BE54-9A1E7A4F7556}") = "Identity.Api", "src\Services\Identity\IdentityApi\Identity.Api.csproj", "{25D636E8-36FA-4660-8222-8A36529171AA}"
EndProject
Project("{9A19103F-16F7-4668-BE54-9A1E7A4F7556}") = "Identity.Persistence.Repository", "src\Services\Identity\Identity.Persistence.Repository\Identity.Persistence.Repository.csproj", "{B104D15B-310B-4F5A-B673-CB9B5F9E9142}"
EndProject
Project("{9A19103F-16F7-4668-BE54-9A1E7A4F7556}") = "Identity.Autentication", "src\Services\Identity\Identity.Autentication\Identity.Autentication.csproj", "{AC842E2A-1D57-465A-8804-771873245FBA}"
EndProject
Project("{2150E333-8FDC-42A3-9474-1A3956D46DE8}") = "APIs", "APIs", "{9D667B53-5EAE-4CF1-9787-92805ED380C1}"
EndProject
Project("{9A19103F-16F7-4668-BE54-9A1E7A4F7556}") = "Api.Gateway.Webclient", "src\ApiGateway\Api.Gateway.Webclient\Api.Gateway.Webclient.csproj", "{9A194ACB-F5CA-4F4E-AA0E-D33D298B5AB9}"
EndProject
Project("{9A19103F-16F7-4668-BE54-9A1E7A4F7556}") = "Api.Gateway.Proxies", "src\ApiGateway\Api.Gateway.Proxies\Api.Gateway.Proxies.csproj", "{2C146F14-5532-4E3A-8253-7727F18A18D4}"
EndProject
Project("{9A19103F-16F7-4668-BE54-9A1E7A4F7556}") = "Api.Gateway.Models", "src\ApiGateway\Api.Gateway.Models\Api.Gateway.Models.csproj", "{D6B36F5A-1C77-4DB3-A46C-7B0A19274031}"
EndProject
Project("{FAE04EC0-301F-11D3-BF4B-00C04F79EFBC}") = "Identity.Domain", "src\Services\Identity\Identity.Domain\Identity.Domain.csproj", "{5B9A76D8-56B8-4890-8AD7-69DF401AD56B}"
EndProject
Global
	GlobalSection(SolutionConfigurationPlatforms) = preSolution
		Debug|Any CPU = Debug|Any CPU
		Release|Any CPU = Release|Any CPU
	EndGlobalSection
	GlobalSection(ProjectConfigurationPlatforms) = postSolution
		{D77AB81C-91BF-45C0-AC89-46A033102353}.Debug|Any CPU.ActiveCfg = Debug|Any CPU
		{D77AB81C-91BF-45C0-AC89-46A033102353}.Debug|Any CPU.Build.0 = Debug|Any CPU
		{D77AB81C-91BF-45C0-AC89-46A033102353}.Release|Any CPU.ActiveCfg = Release|Any CPU
		{D77AB81C-91BF-45C0-AC89-46A033102353}.Release|Any CPU.Build.0 = Release|Any CPU
		{B918DAA0-BC33-4470-B39E-7F1D04E362FE}.Debug|Any CPU.ActiveCfg = Debug|Any CPU
		{B918DAA0-BC33-4470-B39E-7F1D04E362FE}.Debug|Any CPU.Build.0 = Debug|Any CPU
		{B918DAA0-BC33-4470-B39E-7F1D04E362FE}.Release|Any CPU.ActiveCfg = Release|Any CPU
		{B918DAA0-BC33-4470-B39E-7F1D04E362FE}.Release|Any CPU.Build.0 = Release|Any CPU
		{ABA128AA-D73D-4C4D-A3AF-92A5129F21E1}.Debug|Any CPU.ActiveCfg = Debug|Any CPU
		{ABA128AA-D73D-4C4D-A3AF-92A5129F21E1}.Debug|Any CPU.Build.0 = Debug|Any CPU
		{ABA128AA-D73D-4C4D-A3AF-92A5129F21E1}.Release|Any CPU.ActiveCfg = Release|Any CPU
		{ABA128AA-D73D-4C4D-A3AF-92A5129F21E1}.Release|Any CPU.Build.0 = Release|Any CPU
		{6F3DC7E3-8CED-490A-9750-EF4C1D6DD14C}.Debug|Any CPU.ActiveCfg = Debug|Any CPU
		{6F3DC7E3-8CED-490A-9750-EF4C1D6DD14C}.Debug|Any CPU.Build.0 = Debug|Any CPU
		{6F3DC7E3-8CED-490A-9750-EF4C1D6DD14C}.Release|Any CPU.ActiveCfg = Release|Any CPU
		{6F3DC7E3-8CED-490A-9750-EF4C1D6DD14C}.Release|Any CPU.Build.0 = Release|Any CPU
		{8C35A2E8-C952-4D13-A852-5666BDFDA2A1}.Debug|Any CPU.ActiveCfg = Debug|Any CPU
		{8C35A2E8-C952-4D13-A852-5666BDFDA2A1}.Debug|Any CPU.Build.0 = Debug|Any CPU
		{8C35A2E8-C952-4D13-A852-5666BDFDA2A1}.Release|Any CPU.ActiveCfg = Release|Any CPU
		{8C35A2E8-C952-4D13-A852-5666BDFDA2A1}.Release|Any CPU.Build.0 = Release|Any CPU
		{E5599442-30B8-4365-8233-C200306142E9}.Debug|Any CPU.ActiveCfg = Debug|Any CPU
		{E5599442-30B8-4365-8233-C200306142E9}.Debug|Any CPU.Build.0 = Debug|Any CPU
		{E5599442-30B8-4365-8233-C200306142E9}.Release|Any CPU.ActiveCfg = Release|Any CPU
		{E5599442-30B8-4365-8233-C200306142E9}.Release|Any CPU.Build.0 = Release|Any CPU
		{32FB3862-09DF-4C57-AA5D-F501C277EE65}.Debug|Any CPU.ActiveCfg = Debug|Any CPU
		{32FB3862-09DF-4C57-AA5D-F501C277EE65}.Debug|Any CPU.Build.0 = Debug|Any CPU
		{32FB3862-09DF-4C57-AA5D-F501C277EE65}.Release|Any CPU.ActiveCfg = Release|Any CPU
		{32FB3862-09DF-4C57-AA5D-F501C277EE65}.Release|Any CPU.Build.0 = Release|Any CPU
		{76C41E18-EDF1-461F-BB62-20F88D5C8493}.Debug|Any CPU.ActiveCfg = Debug|Any CPU
		{76C41E18-EDF1-461F-BB62-20F88D5C8493}.Debug|Any CPU.Build.0 = Debug|Any CPU
		{76C41E18-EDF1-461F-BB62-20F88D5C8493}.Release|Any CPU.ActiveCfg = Release|Any CPU
		{76C41E18-EDF1-461F-BB62-20F88D5C8493}.Release|Any CPU.Build.0 = Release|Any CPU
		{C7330C65-B64F-45E1-8A00-E6BAD8410B20}.Debug|Any CPU.ActiveCfg = Debug|Any CPU
		{C7330C65-B64F-45E1-8A00-E6BAD8410B20}.Debug|Any CPU.Build.0 = Debug|Any CPU
		{C7330C65-B64F-45E1-8A00-E6BAD8410B20}.Release|Any CPU.ActiveCfg = Release|Any CPU
		{C7330C65-B64F-45E1-8A00-E6BAD8410B20}.Release|Any CPU.Build.0 = Release|Any CPU
		{F8C4500B-3E2C-4297-A997-BA2C8BCBABB9}.Debug|Any CPU.ActiveCfg = Debug|Any CPU
		{F8C4500B-3E2C-4297-A997-BA2C8BCBABB9}.Debug|Any CPU.Build.0 = Debug|Any CPU
		{F8C4500B-3E2C-4297-A997-BA2C8BCBABB9}.Release|Any CPU.ActiveCfg = Release|Any CPU
		{F8C4500B-3E2C-4297-A997-BA2C8BCBABB9}.Release|Any CPU.Build.0 = Release|Any CPU
		{50BBF7E0-8F1B-4597-9F2A-7EBB077ABD8D}.Debug|Any CPU.ActiveCfg = Debug|Any CPU
		{50BBF7E0-8F1B-4597-9F2A-7EBB077ABD8D}.Debug|Any CPU.Build.0 = Debug|Any CPU
		{50BBF7E0-8F1B-4597-9F2A-7EBB077ABD8D}.Release|Any CPU.ActiveCfg = Release|Any CPU
		{50BBF7E0-8F1B-4597-9F2A-7EBB077ABD8D}.Release|Any CPU.Build.0 = Release|Any CPU
		{94C56492-57BF-454A-9CFE-9DE745ACC61C}.Debug|Any CPU.ActiveCfg = Debug|Any CPU
		{94C56492-57BF-454A-9CFE-9DE745ACC61C}.Debug|Any CPU.Build.0 = Debug|Any CPU
		{94C56492-57BF-454A-9CFE-9DE745ACC61C}.Release|Any CPU.ActiveCfg = Release|Any CPU
		{94C56492-57BF-454A-9CFE-9DE745ACC61C}.Release|Any CPU.Build.0 = Release|Any CPU
		{0FFD70DE-564F-45A7-AE7E-E70AD0A17A4E}.Debug|Any CPU.ActiveCfg = Debug|Any CPU
		{0FFD70DE-564F-45A7-AE7E-E70AD0A17A4E}.Debug|Any CPU.Build.0 = Debug|Any CPU
		{0FFD70DE-564F-45A7-AE7E-E70AD0A17A4E}.Release|Any CPU.ActiveCfg = Release|Any CPU
		{0FFD70DE-564F-45A7-AE7E-E70AD0A17A4E}.Release|Any CPU.Build.0 = Release|Any CPU
		{89BB394D-1A29-4C8D-B2DC-D34E741A9752}.Debug|Any CPU.ActiveCfg = Debug|Any CPU
		{89BB394D-1A29-4C8D-B2DC-D34E741A9752}.Debug|Any CPU.Build.0 = Debug|Any CPU
		{89BB394D-1A29-4C8D-B2DC-D34E741A9752}.Release|Any CPU.ActiveCfg = Release|Any CPU
		{89BB394D-1A29-4C8D-B2DC-D34E741A9752}.Release|Any CPU.Build.0 = Release|Any CPU
		{25D636E8-36FA-4660-8222-8A36529171AA}.Debug|Any CPU.ActiveCfg = Debug|Any CPU
		{25D636E8-36FA-4660-8222-8A36529171AA}.Debug|Any CPU.Build.0 = Debug|Any CPU
		{25D636E8-36FA-4660-8222-8A36529171AA}.Release|Any CPU.ActiveCfg = Release|Any CPU
		{25D636E8-36FA-4660-8222-8A36529171AA}.Release|Any CPU.Build.0 = Release|Any CPU
		{B104D15B-310B-4F5A-B673-CB9B5F9E9142}.Debug|Any CPU.ActiveCfg = Debug|Any CPU
		{B104D15B-310B-4F5A-B673-CB9B5F9E9142}.Debug|Any CPU.Build.0 = Debug|Any CPU
		{B104D15B-310B-4F5A-B673-CB9B5F9E9142}.Release|Any CPU.ActiveCfg = Release|Any CPU
		{B104D15B-310B-4F5A-B673-CB9B5F9E9142}.Release|Any CPU.Build.0 = Release|Any CPU
		{AC842E2A-1D57-465A-8804-771873245FBA}.Debug|Any CPU.ActiveCfg = Debug|Any CPU
		{AC842E2A-1D57-465A-8804-771873245FBA}.Debug|Any CPU.Build.0 = Debug|Any CPU
		{AC842E2A-1D57-465A-8804-771873245FBA}.Release|Any CPU.ActiveCfg = Release|Any CPU
		{AC842E2A-1D57-465A-8804-771873245FBA}.Release|Any CPU.Build.0 = Release|Any CPU
		{9A194ACB-F5CA-4F4E-AA0E-D33D298B5AB9}.Debug|Any CPU.ActiveCfg = Debug|Any CPU
		{9A194ACB-F5CA-4F4E-AA0E-D33D298B5AB9}.Debug|Any CPU.Build.0 = Debug|Any CPU
		{9A194ACB-F5CA-4F4E-AA0E-D33D298B5AB9}.Release|Any CPU.ActiveCfg = Release|Any CPU
		{9A194ACB-F5CA-4F4E-AA0E-D33D298B5AB9}.Release|Any CPU.Build.0 = Release|Any CPU
		{2C146F14-5532-4E3A-8253-7727F18A18D4}.Debug|Any CPU.ActiveCfg = Debug|Any CPU
		{2C146F14-5532-4E3A-8253-7727F18A18D4}.Debug|Any CPU.Build.0 = Debug|Any CPU
		{2C146F14-5532-4E3A-8253-7727F18A18D4}.Release|Any CPU.ActiveCfg = Release|Any CPU
		{2C146F14-5532-4E3A-8253-7727F18A18D4}.Release|Any CPU.Build.0 = Release|Any CPU
		{D6B36F5A-1C77-4DB3-A46C-7B0A19274031}.Debug|Any CPU.ActiveCfg = Debug|Any CPU
		{D6B36F5A-1C77-4DB3-A46C-7B0A19274031}.Debug|Any CPU.Build.0 = Debug|Any CPU
		{D6B36F5A-1C77-4DB3-A46C-7B0A19274031}.Release|Any CPU.ActiveCfg = Release|Any CPU
		{D6B36F5A-1C77-4DB3-A46C-7B0A19274031}.Release|Any CPU.Build.0 = Release|Any CPU
		{5B9A76D8-56B8-4890-8AD7-69DF401AD56B}.Debug|Any CPU.ActiveCfg = Debug|Any CPU
		{5B9A76D8-56B8-4890-8AD7-69DF401AD56B}.Debug|Any CPU.Build.0 = Debug|Any CPU
		{5B9A76D8-56B8-4890-8AD7-69DF401AD56B}.Release|Any CPU.ActiveCfg = Release|Any CPU
		{5B9A76D8-56B8-4890-8AD7-69DF401AD56B}.Release|Any CPU.Build.0 = Release|Any CPU
	EndGlobalSection
	GlobalSection(SolutionProperties) = preSolution
		HideSolutionNode = FALSE
	EndGlobalSection
	GlobalSection(NestedProjects) = preSolution
		{999273C4-9472-4E34-A220-F1EF76D7DA2E} = {1DDF4A28-F78D-462C-87FD-57BB70E5F71B}
		{F9790154-A1DD-4512-8B82-475C8920436F} = {1DDF4A28-F78D-462C-87FD-57BB70E5F71B}
		{15B673EC-3EAF-4C69-8848-7EA1AC91F5E3} = {1DDF4A28-F78D-462C-87FD-57BB70E5F71B}
		{C110D51E-DE34-4E6D-9F83-DC698E917501} = {999273C4-9472-4E34-A220-F1EF76D7DA2E}
		{588D8E61-9C8C-46AA-BCF5-DDE047223943} = {999273C4-9472-4E34-A220-F1EF76D7DA2E}
		{8A89C9F3-16AD-4E03-95BE-9333B9C0ABDF} = {999273C4-9472-4E34-A220-F1EF76D7DA2E}
		{3882E354-3864-41E4-80DF-9CCC47F09227} = {999273C4-9472-4E34-A220-F1EF76D7DA2E}
		{D77AB81C-91BF-45C0-AC89-46A033102353} = {8A89C9F3-16AD-4E03-95BE-9333B9C0ABDF}
		{B918DAA0-BC33-4470-B39E-7F1D04E362FE} = {3882E354-3864-41E4-80DF-9CCC47F09227}
		{ABA128AA-D73D-4C4D-A3AF-92A5129F21E1} = {8A89C9F3-16AD-4E03-95BE-9333B9C0ABDF}
		{6F3DC7E3-8CED-490A-9750-EF4C1D6DD14C} = {588D8E61-9C8C-46AA-BCF5-DDE047223943}
		{75B7390B-CC18-4798-A1FB-53743BD25208} = {999273C4-9472-4E34-A220-F1EF76D7DA2E}
		{8C35A2E8-C952-4D13-A852-5666BDFDA2A1} = {75B7390B-CC18-4798-A1FB-53743BD25208}
		{E5599442-30B8-4365-8233-C200306142E9} = {6DFA2BEC-956F-4252-802C-F70B60A06100}
		{32FB3862-09DF-4C57-AA5D-F501C277EE65} = {C110D51E-DE34-4E6D-9F83-DC698E917501}
		{6DFA2BEC-956F-4252-802C-F70B60A06100} = {F9790154-A1DD-4512-8B82-475C8920436F}
		{0432AF0D-1B3F-419A-AE5C-3515929439F7} = {F9790154-A1DD-4512-8B82-475C8920436F}
		{667F2B78-2508-4091-B1B4-309E03AA3964} = {F9790154-A1DD-4512-8B82-475C8920436F}
		{76C41E18-EDF1-461F-BB62-20F88D5C8493} = {0432AF0D-1B3F-419A-AE5C-3515929439F7}
		{C7330C65-B64F-45E1-8A00-E6BAD8410B20} = {0432AF0D-1B3F-419A-AE5C-3515929439F7}
		{F8C4500B-3E2C-4297-A997-BA2C8BCBABB9} = {667F2B78-2508-4091-B1B4-309E03AA3964}
		{96B176F5-C094-4B0B-A910-F5F0FDC0033C} = {F9790154-A1DD-4512-8B82-475C8920436F}
		{50BBF7E0-8F1B-4597-9F2A-7EBB077ABD8D} = {96B176F5-C094-4B0B-A910-F5F0FDC0033C}
		{FF77EE12-6156-4ED9-BB60-D66AF9F45DF6} = {F9790154-A1DD-4512-8B82-475C8920436F}
		{94C56492-57BF-454A-9CFE-9DE745ACC61C} = {FF77EE12-6156-4ED9-BB60-D66AF9F45DF6}
		{0FFD70DE-564F-45A7-AE7E-E70AD0A17A4E} = {96B176F5-C094-4B0B-A910-F5F0FDC0033C}
		{DEF1C25C-56EC-46D3-938C-4F0E19768348} = {15B673EC-3EAF-4C69-8848-7EA1AC91F5E3}
		{360CA8C2-2EBB-4BCC-B59E-291FFA86A36A} = {15B673EC-3EAF-4C69-8848-7EA1AC91F5E3}
		{48F29E14-32B6-445C-9C2A-86A1E08240BE} = {15B673EC-3EAF-4C69-8848-7EA1AC91F5E3}
		{F136397E-B4BC-4924-BF2A-68E733AE6044} = {15B673EC-3EAF-4C69-8848-7EA1AC91F5E3}
		{89BB394D-1A29-4C8D-B2DC-D34E741A9752} = {48F29E14-32B6-445C-9C2A-86A1E08240BE}
		{25D636E8-36FA-4660-8222-8A36529171AA} = {DEF1C25C-56EC-46D3-938C-4F0E19768348}
		{B104D15B-310B-4F5A-B673-CB9B5F9E9142} = {48F29E14-32B6-445C-9C2A-86A1E08240BE}
		{AC842E2A-1D57-465A-8804-771873245FBA} = {360CA8C2-2EBB-4BCC-B59E-291FFA86A36A}
		{9D667B53-5EAE-4CF1-9787-92805ED380C1} = {8279A2E9-5534-425F-BC85-D49A6D431F07}
		{9A194ACB-F5CA-4F4E-AA0E-D33D298B5AB9} = {9D667B53-5EAE-4CF1-9787-92805ED380C1}
		{2C146F14-5532-4E3A-8253-7727F18A18D4} = {8279A2E9-5534-425F-BC85-D49A6D431F07}
		{D6B36F5A-1C77-4DB3-A46C-7B0A19274031} = {8279A2E9-5534-425F-BC85-D49A6D431F07}
		{5B9A76D8-56B8-4890-8AD7-69DF401AD56B} = {F136397E-B4BC-4924-BF2A-68E733AE6044}
	EndGlobalSection
	GlobalSection(ExtensibilityGlobals) = postSolution
		SolutionGuid = {F27D45B0-0443-4E2E-9498-7DBE29EC4D91}
	EndGlobalSection
EndGlobal
